
Microsoft Visual Studio Solution File, Format Version 12.00
# Visual Studio Version 17
VisualStudioVersion = 17.10.35027.167
MinimumVisualStudioVersion = 10.0.40219.1
Project("{9A19103F-16F7-4668-BE54-9A1E7A4F7556}") = "Adapter", "Adapter\Adapter.csproj", "{A299E52B-E8FC-47BA-918C-3229D93B2053}"
EndProject
Project("{9A19103F-16F7-4668-BE54-9A1E7A4F7556}") = "Bridge", "Bridge\Bridge.csproj", "{B52E753B-6E45-428A-9B0F-B75B8EF36A7A}"
EndProject
Project("{9A19103F-16F7-4668-BE54-9A1E7A4F7556}") = "Composite", "Composite\Composite.csproj", "{2DF24023-A1CA-4BCD-B27E-95834DD9605D}"
EndProject
Project("{9A19103F-16F7-4668-BE54-9A1E7A4F7556}") = "Decorator", "Decorator\Decorator.csproj", "{F9826C73-CF03-4875-B6A1-C2651CA1A8DE}"
EndProject
Project("{9A19103F-16F7-4668-BE54-9A1E7A4F7556}") = "Facade", "Facade\Facade.csproj", "{1B0E5402-84F0-4B39-A1EC-9619206AA061}"
EndProject
Project("{9A19103F-16F7-4668-BE54-9A1E7A4F7556}") = "Flyweight", "Flyweight\Flyweight.csproj", "{48478475-0CD3-4054-8E35-2F8C783D8107}"
EndProject
Project("{9A19103F-16F7-4668-BE54-9A1E7A4F7556}") = "Proxy", "Proxy\Proxy.csproj", "{DA471DF6-2575-41A1-8D73-79DD69996079}"
EndProject
Global
	GlobalSection(SolutionConfigurationPlatforms) = preSolution
		Debug|Any CPU = Debug|Any CPU
		Release|Any CPU = Release|Any CPU
	EndGlobalSection
	GlobalSection(ProjectConfigurationPlatforms) = postSolution
		{A299E52B-E8FC-47BA-918C-3229D93B2053}.Debug|Any CPU.ActiveCfg = Debug|Any CPU
		{A299E52B-E8FC-47BA-918C-3229D93B2053}.Debug|Any CPU.Build.0 = Debug|Any CPU
		{A299E52B-E8FC-47BA-918C-3229D93B2053}.Release|Any CPU.ActiveCfg = Release|Any CPU
		{A299E52B-E8FC-47BA-918C-3229D93B2053}.Release|Any CPU.Build.0 = Release|Any CPU
		{B52E753B-6E45-428A-9B0F-B75B8EF36A7A}.Debug|Any CPU.ActiveCfg = Debug|Any CPU
		{B52E753B-6E45-428A-9B0F-B75B8EF36A7A}.Debug|Any CPU.Build.0 = Debug|Any CPU
		{B52E753B-6E45-428A-9B0F-B75B8EF36A7A}.Release|Any CPU.ActiveCfg = Release|Any CPU
		{B52E753B-6E45-428A-9B0F-B75B8EF36A7A}.Release|Any CPU.Build.0 = Release|Any CPU
		{2DF24023-A1CA-4BCD-B27E-95834DD9605D}.Debug|Any CPU.ActiveCfg = Debug|Any CPU
		{2DF24023-A1CA-4BCD-B27E-95834DD9605D}.Debug|Any CPU.Build.0 = Debug|Any CPU
		{2DF24023-A1CA-4BCD-B27E-95834DD9605D}.Release|Any CPU.ActiveCfg = Release|Any CPU
		{2DF24023-A1CA-4BCD-B27E-95834DD9605D}.Release|Any CPU.Build.0 = Release|Any CPU
		{F9826C73-CF03-4875-B6A1-C2651CA1A8DE}.Debug|Any CPU.ActiveCfg = Debug|Any CPU
		{F9826C73-CF03-4875-B6A1-C2651CA1A8DE}.Debug|Any CPU.Build.0 = Debug|Any CPU
		{F9826C73-CF03-4875-B6A1-C2651CA1A8DE}.Release|Any CPU.ActiveCfg = Release|Any CPU
		{F9826C73-CF03-4875-B6A1-C2651CA1A8DE}.Release|Any CPU.Build.0 = Release|Any CPU
		{1B0E5402-84F0-4B39-A1EC-9619206AA061}.Debug|Any CPU.ActiveCfg = Debug|Any CPU
		{1B0E5402-84F0-4B39-A1EC-9619206AA061}.Debug|Any CPU.Build.0 = Debug|Any CPU
		{1B0E5402-84F0-4B39-A1EC-9619206AA061}.Release|Any CPU.ActiveCfg = Release|Any CPU
		{1B0E5402-84F0-4B39-A1EC-9619206AA061}.Release|Any CPU.Build.0 = Release|Any CPU
		{48478475-0CD3-4054-8E35-2F8C783D8107}.Debug|Any CPU.ActiveCfg = Debug|Any CPU
		{48478475-0CD3-4054-8E35-2F8C783D8107}.Debug|Any CPU.Build.0 = Debug|Any CPU
		{48478475-0CD3-4054-8E35-2F8C783D8107}.Release|Any CPU.ActiveCfg = Release|Any CPU
		{48478475-0CD3-4054-8E35-2F8C783D8107}.Release|Any CPU.Build.0 = Release|Any CPU
		{DA471DF6-2575-41A1-8D73-79DD69996079}.Debug|Any CPU.ActiveCfg = Debug|Any CPU
		{DA471DF6-2575-41A1-8D73-79DD69996079}.Debug|Any CPU.Build.0 = Debug|Any CPU
		{DA471DF6-2575-41A1-8D73-79DD69996079}.Release|Any CPU.ActiveCfg = Release|Any CPU
		{DA471DF6-2575-41A1-8D73-79DD69996079}.Release|Any CPU.Build.0 = Release|Any CPU
	EndGlobalSection
	GlobalSection(SolutionProperties) = preSolution
		HideSolutionNode = FALSE
	EndGlobalSection
	GlobalSection(ExtensibilityGlobals) = postSolution
		SolutionGuid = {21D3A3BE-7E80-4D6D-B1FB-C6CF87F20033}
	EndGlobalSection
EndGlobal
